
Microsoft Visual Studio Solution File, Format Version 12.00
# Visual Studio 14
VisualStudioVersion = 14.0.25420.1
MinimumVisualStudioVersion = 10.0.40219.1
Project("{FAE04EC0-301F-11D3-BF4B-00C04F79EFBC}") = "dataradio.medium", "dataradio.medium\dataradio.medium.csproj", "{C85CF01B-C935-4BFF-A29E-BCA9905092B0}"
EndProject
Project("{FAE04EC0-301F-11D3-BF4B-00C04F79EFBC}") = "dataradio.core", "dataradio.core\dataradio.core.csproj", "{FF231AEB-EBE1-4BB5-930A-FAF784FDB0AB}"
EndProject
Project("{FAE04EC0-301F-11D3-BF4B-00C04F79EFBC}") = "dataradio.radio", "dataradio.radio\dataradio.radio.csproj", "{053C4B0A-3AA0-4C33-B549-8456E2AD9310}"
EndProject
Project("{FAE04EC0-301F-11D3-BF4B-00C04F79EFBC}") = "dataradio.console", "dataradio.console\dataradio.console.csproj", "{77617286-B923-4679-9BE4-9E29C7166337}"
EndProject
Project("{FAE04EC0-301F-11D3-BF4B-00C04F79EFBC}") = "dataradio.medium.azurebus", "dataradio.medium.azurebus\dataradio.medium.azurebus.csproj", "{95DA40F8-C209-4ED5-B06A-CB456063D24F}"
EndProject
Project("{FAE04EC0-301F-11D3-BF4B-00C04F79EFBC}") = "dataradio.console2", "dataradio.console2\dataradio.console2.csproj", "{44C40A4A-6227-48DF-AF3A-19737A1242F9}"
EndProject
Global
	GlobalSection(SolutionConfigurationPlatforms) = preSolution
		Debug|Any CPU = Debug|Any CPU
		Release|Any CPU = Release|Any CPU
	EndGlobalSection
	GlobalSection(ProjectConfigurationPlatforms) = postSolution
		{C85CF01B-C935-4BFF-A29E-BCA9905092B0}.Debug|Any CPU.ActiveCfg = Debug|Any CPU
		{C85CF01B-C935-4BFF-A29E-BCA9905092B0}.Debug|Any CPU.Build.0 = Debug|Any CPU
		{C85CF01B-C935-4BFF-A29E-BCA9905092B0}.Release|Any CPU.ActiveCfg = Release|Any CPU
		{C85CF01B-C935-4BFF-A29E-BCA9905092B0}.Release|Any CPU.Build.0 = Release|Any CPU
		{FF231AEB-EBE1-4BB5-930A-FAF784FDB0AB}.Debug|Any CPU.ActiveCfg = Debug|Any CPU
		{FF231AEB-EBE1-4BB5-930A-FAF784FDB0AB}.Debug|Any CPU.Build.0 = Debug|Any CPU
		{FF231AEB-EBE1-4BB5-930A-FAF784FDB0AB}.Release|Any CPU.ActiveCfg = Release|Any CPU
		{FF231AEB-EBE1-4BB5-930A-FAF784FDB0AB}.Release|Any CPU.Build.0 = Release|Any CPU
		{053C4B0A-3AA0-4C33-B549-8456E2AD9310}.Debug|Any CPU.ActiveCfg = Debug|Any CPU
		{053C4B0A-3AA0-4C33-B549-8456E2AD9310}.Debug|Any CPU.Build.0 = Debug|Any CPU
		{053C4B0A-3AA0-4C33-B549-8456E2AD9310}.Release|Any CPU.ActiveCfg = Release|Any CPU
		{053C4B0A-3AA0-4C33-B549-8456E2AD9310}.Release|Any CPU.Build.0 = Release|Any CPU
		{77617286-B923-4679-9BE4-9E29C7166337}.Debug|Any CPU.ActiveCfg = Debug|Any CPU
		{77617286-B923-4679-9BE4-9E29C7166337}.Debug|Any CPU.Build.0 = Debug|Any CPU
		{77617286-B923-4679-9BE4-9E29C7166337}.Release|Any CPU.ActiveCfg = Release|Any CPU
		{77617286-B923-4679-9BE4-9E29C7166337}.Release|Any CPU.Build.0 = Release|Any CPU
		{95DA40F8-C209-4ED5-B06A-CB456063D24F}.Debug|Any CPU.ActiveCfg = Debug|Any CPU
		{95DA40F8-C209-4ED5-B06A-CB456063D24F}.Debug|Any CPU.Build.0 = Debug|Any CPU
		{95DA40F8-C209-4ED5-B06A-CB456063D24F}.Release|Any CPU.ActiveCfg = Release|Any CPU
		{95DA40F8-C209-4ED5-B06A-CB456063D24F}.Release|Any CPU.Build.0 = Release|Any CPU
		{44C40A4A-6227-48DF-AF3A-19737A1242F9}.Debug|Any CPU.ActiveCfg = Debug|Any CPU
		{44C40A4A-6227-48DF-AF3A-19737A1242F9}.Debug|Any CPU.Build.0 = Debug|Any CPU
		{44C40A4A-6227-48DF-AF3A-19737A1242F9}.Release|Any CPU.ActiveCfg = Release|Any CPU
		{44C40A4A-6227-48DF-AF3A-19737A1242F9}.Release|Any CPU.Build.0 = Release|Any CPU
	EndGlobalSection
	GlobalSection(SolutionProperties) = preSolution
		HideSolutionNode = FALSE
	EndGlobalSection
EndGlobal
